
Microsoft Visual Studio Solution File, Format Version 12.00
# Visual Studio Version 16
VisualStudioVersion = 16.0.30611.23
MinimumVisualStudioVersion = 10.0.40219.1
Project("{FAE04EC0-301F-11D3-BF4B-00C04F79EFBC}") = "Algorithm_Project", "Algorithm_Project\Algorithm_Project.csproj", "{695F9031-3E35-4523-8CC9-1B53F4231EBE}"
EndProject
Global
	GlobalSection(SolutionConfigurationPlatforms) = preSolution
		Debug|Any CPU = Debug|Any CPU
		Release|Any CPU = Release|Any CPU
	EndGlobalSection
	GlobalSection(ProjectConfigurationPlatforms) = postSolution
		{695F9031-3E35-4523-8CC9-1B53F4231EBE}.Debug|Any CPU.ActiveCfg = Debug|Any CPU
		{695F9031-3E35-4523-8CC9-1B53F4231EBE}.Debug|Any CPU.Build.0 = Debug|Any CPU
		{695F9031-3E35-4523-8CC9-1B53F4231EBE}.Release|Any CPU.ActiveCfg = Release|Any CPU
		{695F9031-3E35-4523-8CC9-1B53F4231EBE}.Release|Any CPU.Build.0 = Release|Any CPU
	EndGlobalSection
	GlobalSection(SolutionProperties) = preSolution
		HideSolutionNode = FALSE
	EndGlobalSection
	GlobalSection(ExtensibilityGlobals) = postSolution
		SolutionGuid = {C9D73B27-7C48-4B0D-B936-64A6FB001A3F}
	EndGlobalSection
EndGlobal
